
Microsoft Visual Studio Solution File, Format Version 12.00
# Visual Studio Version 16
VisualStudioVersion = 16.0.29709.97
MinimumVisualStudioVersion = 10.0.40219.1
Project("{FAE04EC0-301F-11D3-BF4B-00C04F79EFBC}") = "01. Bonus Scoring System", "01. Bonus Scoring System\01. Bonus Scoring System.csproj", "{392CD33B-D1DD-4286-8C83-6A8859574DCA}"
EndProject
Project("{FAE04EC0-301F-11D3-BF4B-00C04F79EFBC}") = "02. MuOnline", "02. MuOnline\02. MuOnline.csproj", "{A3B8D7FD-E958-4627-AA1F-DDAB75F043A6}"
EndProject
Project("{FAE04EC0-301F-11D3-BF4B-00C04F79EFBC}") = "03. Inventory", "03. Inventory\03. Inventory.csproj", "{706E7E9E-DAB6-4DE8-AD09-FC77BEE1F531}"
EndProject
Global
	GlobalSection(SolutionConfigurationPlatforms) = preSolution
		Debug|Any CPU = Debug|Any CPU
		Release|Any CPU = Release|Any CPU
	EndGlobalSection
	GlobalSection(ProjectConfigurationPlatforms) = postSolution
		{392CD33B-D1DD-4286-8C83-6A8859574DCA}.Debug|Any CPU.ActiveCfg = Debug|Any CPU
		{392CD33B-D1DD-4286-8C83-6A8859574DCA}.Debug|Any CPU.Build.0 = Debug|Any CPU
		{392CD33B-D1DD-4286-8C83-6A8859574DCA}.Release|Any CPU.ActiveCfg = Release|Any CPU
		{392CD33B-D1DD-4286-8C83-6A8859574DCA}.Release|Any CPU.Build.0 = Release|Any CPU
		{A3B8D7FD-E958-4627-AA1F-DDAB75F043A6}.Debug|Any CPU.ActiveCfg = Debug|Any CPU
		{A3B8D7FD-E958-4627-AA1F-DDAB75F043A6}.Debug|Any CPU.Build.0 = Debug|Any CPU
		{A3B8D7FD-E958-4627-AA1F-DDAB75F043A6}.Release|Any CPU.ActiveCfg = Release|Any CPU
		{A3B8D7FD-E958-4627-AA1F-DDAB75F043A6}.Release|Any CPU.Build.0 = Release|Any CPU
		{706E7E9E-DAB6-4DE8-AD09-FC77BEE1F531}.Debug|Any CPU.ActiveCfg = Debug|Any CPU
		{706E7E9E-DAB6-4DE8-AD09-FC77BEE1F531}.Debug|Any CPU.Build.0 = Debug|Any CPU
		{706E7E9E-DAB6-4DE8-AD09-FC77BEE1F531}.Release|Any CPU.ActiveCfg = Release|Any CPU
		{706E7E9E-DAB6-4DE8-AD09-FC77BEE1F531}.Release|Any CPU.Build.0 = Release|Any CPU
	EndGlobalSection
	GlobalSection(SolutionProperties) = preSolution
		HideSolutionNode = FALSE
	EndGlobalSection
	GlobalSection(ExtensibilityGlobals) = postSolution
		SolutionGuid = {AB77D651-D325-4E5E-A77A-90A9F181DFE0}
	EndGlobalSection
EndGlobal
